// !$*UTF8*$!
{
	archiveVersion = 1;
	classes = {
	};
	objectVersion = 55;
	objects = {

/* Begin PBXBuildFile section */
		EB030496289D95C400B48624 /* AppWeatherApp.swift in Sources */ = {isa = PBXBuildFile; fileRef = EB030495289D95C400B48624 /* AppWeatherApp.swift */; };
		EB030498289D95C400B48624 /* ContentView.swift in Sources */ = {isa = PBXBuildFile; fileRef = EB030497289D95C400B48624 /* ContentView.swift */; };
		EB03049A289D95C600B48624 /* Assets.xcassets in Resources */ = {isa = PBXBuildFile; fileRef = EB030499289D95C600B48624 /* Assets.xcassets */; };
		EB03049D289D95C600B48624 /* Preview Assets.xcassets in Resources */ = {isa = PBXBuildFile; fileRef = EB03049C289D95C600B48624 /* Preview Assets.xcassets */; };
		EB0304A5289D9A8200B48624 /* LocationManager.swift in Sources */ = {isa = PBXBuildFile; fileRef = EB0304A4289D9A8200B48624 /* LocationManager.swift */; };
		EB0304A8289D9DCB00B48624 /* WelcomeView.swift in Sources */ = {isa = PBXBuildFile; fileRef = EB0304A7289D9DCB00B48624 /* WelcomeView.swift */; };
		EB0304AA289DA20E00B48624 /* LoadingView.swift in Sources */ = {isa = PBXBuildFile; fileRef = EB0304A9289DA20E00B48624 /* LoadingView.swift */; };
		EB0304AC289DA4AC00B48624 /* WeatherManager.swift in Sources */ = {isa = PBXBuildFile; fileRef = EB0304AB289DA4AC00B48624 /* WeatherManager.swift */; };
		EB0304AE289DB13C00B48624 /* WeatherView.swift in Sources */ = {isa = PBXBuildFile; fileRef = EB0304AD289DB13C00B48624 /* WeatherView.swift */; };
		EB0304B0289DB1D200B48624 /* ModelData.swift in Sources */ = {isa = PBXBuildFile; fileRef = EB0304AF289DB1D200B48624 /* ModelData.swift */; };
		EB0304B2289DB21700B48624 /* WeatherData.json in Resources */ = {isa = PBXBuildFile; fileRef = EB0304B1289DB21700B48624 /* WeatherData.json */; };
		EB0304B4289DB37000B48624 /* Extensions.swift in Sources */ = {isa = PBXBuildFile; fileRef = EB0304B3289DB37000B48624 /* Extensions.swift */; };
		EB0304B6289E767000B48624 /* ForecastManager.swift in Sources */ = {isa = PBXBuildFile; fileRef = EB0304B5289E767000B48624 /* ForecastManager.swift */; };
		EB0304BA289E970000B48624 /* ForecastWeatherData.json in Resources */ = {isa = PBXBuildFile; fileRef = EB0304B9289E970000B48624 /* ForecastWeatherData.json */; };
/* End PBXBuildFile section */

/* Begin PBXFileReference section */
		EB030492289D95C400B48624 /* AppWeather.app */ = {isa = PBXFileReference; explicitFileType = wrapper.application; includeInIndex = 0; path = AppWeather.app; sourceTree = BUILT_PRODUCTS_DIR; };
		EB030495289D95C400B48624 /* AppWeatherApp.swift */ = {isa = PBXFileReference; lastKnownFileType = sourcecode.swift; path = AppWeatherApp.swift; sourceTree = "<group>"; };
		EB030497289D95C400B48624 /* ContentView.swift */ = {isa = PBXFileReference; lastKnownFileType = sourcecode.swift; path = ContentView.swift; sourceTree = "<group>"; };
		EB030499289D95C600B48624 /* Assets.xcassets */ = {isa = PBXFileReference; lastKnownFileType = folder.assetcatalog; path = Assets.xcassets; sourceTree = "<group>"; };
		EB03049C289D95C600B48624 /* Preview Assets.xcassets */ = {isa = PBXFileReference; lastKnownFileType = folder.assetcatalog; path = "Preview Assets.xcassets"; sourceTree = "<group>"; };
		EB0304A4289D9A8200B48624 /* LocationManager.swift */ = {isa = PBXFileReference; lastKnownFileType = sourcecode.swift; path = LocationManager.swift; sourceTree = "<group>"; };
		EB0304A7289D9DCB00B48624 /* WelcomeView.swift */ = {isa = PBXFileReference; lastKnownFileType = sourcecode.swift; path = WelcomeView.swift; sourceTree = "<group>"; };
		EB0304A9289DA20E00B48624 /* LoadingView.swift */ = {isa = PBXFileReference; lastKnownFileType = sourcecode.swift; path = LoadingView.swift; sourceTree = "<group>"; };
		EB0304AB289DA4AC00B48624 /* WeatherManager.swift */ = {isa = PBXFileReference; lastKnownFileType = sourcecode.swift; path = WeatherManager.swift; sourceTree = "<group>"; };
		EB0304AD289DB13C00B48624 /* WeatherView.swift */ = {isa = PBXFileReference; lastKnownFileType = sourcecode.swift; path = WeatherView.swift; sourceTree = "<group>"; };
		EB0304AF289DB1D200B48624 /* ModelData.swift */ = {isa = PBXFileReference; lastKnownFileType = sourcecode.swift; path = ModelData.swift; sourceTree = "<group>"; };
		EB0304B1289DB21700B48624 /* WeatherData.json */ = {isa = PBXFileReference; lastKnownFileType = text.json; path = WeatherData.json; sourceTree = "<group>"; };
		EB0304B3289DB37000B48624 /* Extensions.swift */ = {isa = PBXFileReference; lastKnownFileType = sourcecode.swift; path = Extensions.swift; sourceTree = "<group>"; };
		EB0304B5289E767000B48624 /* ForecastManager.swift */ = {isa = PBXFileReference; lastKnownFileType = sourcecode.swift; path = ForecastManager.swift; sourceTree = "<group>"; };
		EB0304B9289E970000B48624 /* ForecastWeatherData.json */ = {isa = PBXFileReference; lastKnownFileType = text.json; path = ForecastWeatherData.json; sourceTree = "<group>"; };
/* End PBXFileReference section */

/* Begin PBXFrameworksBuildPhase section */
		EB03048F289D95C400B48624 /* Frameworks */ = {
			isa = PBXFrameworksBuildPhase;
			buildActionMask = 2147483647;
			files = (
			);
			runOnlyForDeploymentPostprocessing = 0;
		};
/* End PBXFrameworksBuildPhase section */

/* Begin PBXGroup section */
		EB030489289D95C400B48624 = {
			isa = PBXGroup;
			children = (
				EB030494289D95C400B48624 /* AppWeather */,
				EB030493289D95C400B48624 /* Products */,
			);
			sourceTree = "<group>";
		};
		EB030493289D95C400B48624 /* Products */ = {
			isa = PBXGroup;
			children = (
				EB030492289D95C400B48624 /* AppWeather.app */,
			);
			name = Products;
			sourceTree = "<group>";
		};
		EB030494289D95C400B48624 /* AppWeather */ = {
			isa = PBXGroup;
			children = (
				EB030495289D95C400B48624 /* AppWeatherApp.swift */,
				EB0304A6289D9D6500B48624 /* Views */,
				EB0304A3289D9A6F00B48624 /* Managers */,
				EB0304B3289DB37000B48624 /* Extensions.swift */,
				EB030499289D95C600B48624 /* Assets.xcassets */,
				EB03049B289D95C600B48624 /* Preview Content */,
			);
			path = AppWeather;
			sourceTree = "<group>";
		};
		EB03049B289D95C600B48624 /* Preview Content */ = {
			isa = PBXGroup;
			children = (
				EB03049C289D95C600B48624 /* Preview Assets.xcassets */,
				EB0304AF289DB1D200B48624 /* ModelData.swift */,
				EB0304B1289DB21700B48624 /* WeatherData.json */,
				EB0304B9289E970000B48624 /* ForecastWeatherData.json */,
			);
			path = "Preview Content";
			sourceTree = "<group>";
		};
		EB0304A3289D9A6F00B48624 /* Managers */ = {
			isa = PBXGroup;
			children = (
				EB0304A4289D9A8200B48624 /* LocationManager.swift */,
				EB0304AB289DA4AC00B48624 /* WeatherManager.swift */,
				EB0304B5289E767000B48624 /* ForecastManager.swift */,
			);
			path = Managers;
			sourceTree = "<group>";
		};
		EB0304A6289D9D6500B48624 /* Views */ = {
			isa = PBXGroup;
			children = (
				EB030497289D95C400B48624 /* ContentView.swift */,
				EB0304A7289D9DCB00B48624 /* WelcomeView.swift */,
				EB0304A9289DA20E00B48624 /* LoadingView.swift */,
				EB0304AD289DB13C00B48624 /* WeatherView.swift */,
			);
			path = Views;
			sourceTree = "<group>";
		};
/* End PBXGroup section */

/* Begin PBXNativeTarget section */
		EB030491289D95C400B48624 /* AppWeather */ = {
			isa = PBXNativeTarget;
			buildConfigurationList = EB0304A0289D95C600B48624 /* Build configuration list for PBXNativeTarget "AppWeather" */;
			buildPhases = (
				EB03048E289D95C400B48624 /* Sources */,
				EB03048F289D95C400B48624 /* Frameworks */,
				EB030490289D95C400B48624 /* Resources */,
			);
			buildRules = (
			);
			dependencies = (
			);
			name = AppWeather;
			productName = AppWeather;
			productReference = EB030492289D95C400B48624 /* AppWeather.app */;
			productType = "com.apple.product-type.application";
		};
/* End PBXNativeTarget section */

/* Begin PBXProject section */
		EB03048A289D95C400B48624 /* Project object */ = {
			isa = PBXProject;
			attributes = {
				BuildIndependentTargetsInParallel = 1;
				LastSwiftUpdateCheck = 1340;
				LastUpgradeCheck = 1340;
				TargetAttributes = {
					EB030491289D95C400B48624 = {
						CreatedOnToolsVersion = 13.4;
					};
				};
			};
			buildConfigurationList = EB03048D289D95C400B48624 /* Build configuration list for PBXProject "AppWeather" */;
			compatibilityVersion = "Xcode 13.0";
			developmentRegion = en;
			hasScannedForEncodings = 0;
			knownRegions = (
				en,
				Base,
			);
			mainGroup = EB030489289D95C400B48624;
			productRefGroup = EB030493289D95C400B48624 /* Products */;
			projectDirPath = "";
			projectRoot = "";
			targets = (
				EB030491289D95C400B48624 /* AppWeather */,
			);
		};
/* End PBXProject section */

/* Begin PBXResourcesBuildPhase section */
		EB030490289D95C400B48624 /* Resources */ = {
			isa = PBXResourcesBuildPhase;
			buildActionMask = 2147483647;
			files = (
				EB0304B2289DB21700B48624 /* WeatherData.json in Resources */,
				EB0304BA289E970000B48624 /* ForecastWeatherData.json in Resources */,
				EB03049D289D95C600B48624 /* Preview Assets.xcassets in Resources */,
				EB03049A289D95C600B48624 /* Assets.xcassets in Resources */,
			);
			runOnlyForDeploymentPostprocessing = 0;
		};
/* End PBXResourcesBuildPhase section */

/* Begin PBXSourcesBuildPhase section */
		EB03048E289D95C400B48624 /* Sources */ = {
			isa = PBXSourcesBuildPhase;
			buildActionMask = 2147483647;
			files = (
				EB0304AC289DA4AC00B48624 /* WeatherManager.swift in Sources */,
				EB0304B4289DB37000B48624 /* Extensions.swift in Sources */,
				EB030498289D95C400B48624 /* ContentView.swift in Sources */,
				EB030496289D95C400B48624 /* AppWeatherApp.swift in Sources */,
				EB0304B6289E767000B48624 /* ForecastManager.swift in Sources */,
				EB0304A5289D9A8200B48624 /* LocationManager.swift in Sources */,
				EB0304AA289DA20E00B48624 /* LoadingView.swift in Sources */,
				EB0304B0289DB1D200B48624 /* ModelData.swift in Sources */,
				EB0304AE289DB13C00B48624 /* WeatherView.swift in Sources */,
				EB0304A8289D9DCB00B48624 /* WelcomeView.swift in Sources */,
			);
			runOnlyForDeploymentPostprocessing = 0;
		};
/* End PBXSourcesBuildPhase section */

/* Begin XCBuildConfiguration section */
		EB03049E289D95C600B48624 /* Debug */ = {
			isa = XCBuildConfiguration;
			buildSettings = {
				ALWAYS_SEARCH_USER_PATHS = NO;
				CLANG_ANALYZER_NONNULL = YES;
				CLANG_ANALYZER_NUMBER_OBJECT_CONVERSION = YES_AGGRESSIVE;
				CLANG_CXX_LANGUAGE_STANDARD = "gnu++17";
				CLANG_ENABLE_MODULES = YES;
				CLANG_ENABLE_OBJC_ARC = YES;
				CLANG_ENABLE_OBJC_WEAK = YES;
				CLANG_WARN_BLOCK_CAPTURE_AUTORELEASING = YES;
				CLANG_WARN_BOOL_CONVERSION = YES;
				CLANG_WARN_COMMA = YES;
				CLANG_WARN_CONSTANT_CONVERSION = YES;
				CLANG_WARN_DEPRECATED_OBJC_IMPLEMENTATIONS = YES;
				CLANG_WARN_DIRECT_OBJC_ISA_USAGE = YES_ERROR;
				CLANG_WARN_DOCUMENTATION_COMMENTS = YES;
				CLANG_WARN_EMPTY_BODY = YES;
				CLANG_WARN_ENUM_CONVERSION = YES;
				CLANG_WARN_INFINITE_RECURSION = YES;
				CLANG_WARN_INT_CONVERSION = YES;
				CLANG_WARN_NON_LITERAL_NULL_CONVERSION = YES;
				CLANG_WARN_OBJC_IMPLICIT_RETAIN_SELF = YES;
				CLANG_WARN_OBJC_LITERAL_CONVERSION = YES;
				CLANG_WARN_OBJC_ROOT_CLASS = YES_ERROR;
				CLANG_WARN_QUOTED_INCLUDE_IN_FRAMEWORK_HEADER = YES;
				CLANG_WARN_RANGE_LOOP_ANALYSIS = YES;
				CLANG_WARN_STRICT_PROTOTYPES = YES;
				CLANG_WARN_SUSPICIOUS_MOVE = YES;
				CLANG_WARN_UNGUARDED_AVAILABILITY = YES_AGGRESSIVE;
				CLANG_WARN_UNREACHABLE_CODE = YES;
				CLANG_WARN__DUPLICATE_METHOD_MATCH = YES;
				COPY_PHASE_STRIP = NO;
				DEBUG_INFORMATION_FORMAT = dwarf;
				ENABLE_STRICT_OBJC_MSGSEND = YES;
				ENABLE_TESTABILITY = YES;
				GCC_C_LANGUAGE_STANDARD = gnu11;
				GCC_DYNAMIC_NO_PIC = NO;
				GCC_NO_COMMON_BLOCKS = YES;
				GCC_OPTIMIZATION_LEVEL = 0;
				GCC_PREPROCESSOR_DEFINITIONS = (
					"DEBUG=1",
					"$(inherited)",
				);
				GCC_WARN_64_TO_32_BIT_CONVERSION = YES;
				GCC_WARN_ABOUT_RETURN_TYPE = YES_ERROR;
				GCC_WARN_UNDECLARED_SELECTOR = YES;
				GCC_WARN_UNINITIALIZED_AUTOS = YES_AGGRESSIVE;
				GCC_WARN_UNUSED_FUNCTION = YES;
				GCC_WARN_UNUSED_VARIABLE = YES;
				IPHONEOS_DEPLOYMENT_TARGET = 15.5;
				MTL_ENABLE_DEBUG_INFO = INCLUDE_SOURCE;
				MTL_FAST_MATH = YES;
				ONLY_ACTIVE_ARCH = YES;
				SDKROOT = iphoneos;
				SWIFT_ACTIVE_COMPILATION_CONDITIONS = DEBUG;
				SWIFT_OPTIMIZATION_LEVEL = "-Onone";
			};
			name = Debug;
		};
		EB03049F289D95C600B48624 /* Release */ = {
			isa = XCBuildConfiguration;
			buildSettings = {
				ALWAYS_SEARCH_USER_PATHS = NO;
				CLANG_ANALYZER_NONNULL = YES;
				CLANG_ANALYZER_NUMBER_OBJECT_CONVERSION = YES_AGGRESSIVE;
				CLANG_CXX_LANGUAGE_STANDARD = "gnu++17";
				CLANG_ENABLE_MODULES = YES;
				CLANG_ENABLE_OBJC_ARC = YES;
				CLANG_ENABLE_OBJC_WEAK = YES;
				CLANG_WARN_BLOCK_CAPTURE_AUTORELEASING = YES;
				CLANG_WARN_BOOL_CONVERSION = YES;
				CLANG_WARN_COMMA = YES;
				CLANG_WARN_CONSTANT_CONVERSION = YES;
				CLANG_WARN_DEPRECATED_OBJC_IMPLEMENTATIONS = YES;
				CLANG_WARN_DIRECT_OBJC_ISA_USAGE = YES_ERROR;
				CLANG_WARN_DOCUMENTATION_COMMENTS = YES;
				CLANG_WARN_EMPTY_BODY = YES;
				CLANG_WARN_ENUM_CONVERSION = YES;
				CLANG_WARN_INFINITE_RECURSION = YES;
				CLANG_WARN_INT_CONVERSION = YES;
				CLANG_WARN_NON_LITERAL_NULL_CONVERSION = YES;
				CLANG_WARN_OBJC_IMPLICIT_RETAIN_SELF = YES;
				CLANG_WARN_OBJC_LITERAL_CONVERSION = YES;
				CLANG_WARN_OBJC_ROOT_CLASS = YES_ERROR;
				CLANG_WARN_QUOTED_INCLUDE_IN_FRAMEWORK_HEADER = YES;
				CLANG_WARN_RANGE_LOOP_ANALYSIS = YES;
				CLANG_WARN_STRICT_PROTOTYPES = YES;
				CLANG_WARN_SUSPICIOUS_MOVE = YES;
				CLANG_WARN_UNGUARDED_AVAILABILITY = YES_AGGRESSIVE;
				CLANG_WARN_UNREACHABLE_CODE = YES;
				CLANG_WARN__DUPLICATE_METHOD_MATCH = YES;
				COPY_PHASE_STRIP = NO;
				DEBUG_INFORMATION_FORMAT = "dwarf-with-dsym";
				ENABLE_NS_ASSERTIONS = NO;
				ENABLE_STRICT_OBJC_MSGSEND = YES;
				GCC_C_LANGUAGE_STANDARD = gnu11;
				GCC_NO_COMMON_BLOCKS = YES;
				GCC_WARN_64_TO_32_BIT_CONVERSION = YES;
				GCC_WARN_ABOUT_RETURN_TYPE = YES_ERROR;
				GCC_WARN_UNDECLARED_SELECTOR = YES;
				GCC_WARN_UNINITIALIZED_AUTOS = YES_AGGRESSIVE;
				GCC_WARN_UNUSED_FUNCTION = YES;
				GCC_WARN_UNUSED_VARIABLE = YES;
				IPHONEOS_DEPLOYMENT_TARGET = 15.5;
				MTL_ENABLE_DEBUG_INFO = NO;
				MTL_FAST_MATH = YES;
				SDKROOT = iphoneos;
				SWIFT_COMPILATION_MODE = wholemodule;
				SWIFT_OPTIMIZATION_LEVEL = "-O";
				VALIDATE_PRODUCT = YES;
			};
			name = Release;
		};
		EB0304A1289D95C600B48624 /* Debug */ = {
			isa = XCBuildConfiguration;
			buildSettings = {
				ASSETCATALOG_COMPILER_APPICON_NAME = AppIcon;
				ASSETCATALOG_COMPILER_GLOBAL_ACCENT_COLOR_NAME = AccentColor;
				CODE_SIGN_STYLE = Automatic;
				CURRENT_PROJECT_VERSION = 1;
				DEVELOPMENT_ASSET_PATHS = "\"AppWeather/Preview Content\"";
				DEVELOPMENT_TEAM = RZ6BP29PRF;
				ENABLE_PREVIEWS = YES;
				GENERATE_INFOPLIST_FILE = YES;
				INFOPLIST_KEY_UIApplicationSceneManifest_Generation = YES;
				INFOPLIST_KEY_UIApplicationSupportsIndirectInputEvents = YES;
				INFOPLIST_KEY_UILaunchScreen_Generation = YES;
				INFOPLIST_KEY_UISupportedInterfaceOrientations_iPad = "UIInterfaceOrientationPortrait UIInterfaceOrientationPortraitUpsideDown UIInterfaceOrientationLandscapeLeft UIInterfaceOrientationLandscapeRight";
				INFOPLIST_KEY_UISupportedInterfaceOrientations_iPhone = "UIInterfaceOrientationPortrait UIInterfaceOrientationLandscapeLeft UIInterfaceOrientationLandscapeRight";
				IPHONEOS_DEPLOYMENT_TARGET = 15.0;
				LD_RUNPATH_SEARCH_PATHS = (
					"$(inherited)",
					"@executable_path/Frameworks",
				);
				MARKETING_VERSION = 1.0;
				PRODUCT_BUNDLE_IDENTIFIER = gilbert.AppWeather;
				PRODUCT_NAME = "$(TARGET_NAME)";
				SWIFT_EMIT_LOC_STRINGS = YES;
				SWIFT_VERSION = 5.0;
				TARGETED_DEVICE_FAMILY = "1,2";
			};
			name = Debug;
		};
		EB0304A2289D95C600B48624 /* Release */ = {
			isa = XCBuildConfiguration;
			buildSettings = {
				ASSETCATALOG_COMPILER_APPICON_NAME = AppIcon;
				ASSETCATALOG_COMPILER_GLOBAL_ACCENT_COLOR_NAME = AccentColor;
				CODE_SIGN_STYLE = Automatic;
				CURRENT_PROJECT_VERSION = 1;
				DEVELOPMENT_ASSET_PATHS = "\"AppWeather/Preview Content\"";
				DEVELOPMENT_TEAM = RZ6BP29PRF;
				ENABLE_PREVIEWS = YES;
				GENERATE_INFOPLIST_FILE = YES;
				INFOPLIST_KEY_UIApplicationSceneManifest_Generation = YES;
				INFOPLIST_KEY_UIApplicationSupportsIndirectInputEvents = YES;
				INFOPLIST_KEY_UILaunchScreen_Generation = YES;
				INFOPLIST_KEY_UISupportedInterfaceOrientations_iPad = "UIInterfaceOrientationPortrait UIInterfaceOrientationPortraitUpsideDown UIInterfaceOrientationLandscapeLeft UIInterfaceOrientationLandscapeRight";
				INFOPLIST_KEY_UISupportedInterfaceOrientations_iPhone = "UIInterfaceOrientationPortrait UIInterfaceOrientationLandscapeLeft UIInterfaceOrientationLandscapeRight";
				IPHONEOS_DEPLOYMENT_TARGET = 15.0;
				LD_RUNPATH_SEARCH_PATHS = (
					"$(inherited)",
					"@executable_path/Frameworks",
				);
				MARKETING_VERSION = 1.0;
				PRODUCT_BUNDLE_IDENTIFIER = gilbert.AppWeather;
				PRODUCT_NAME = "$(TARGET_NAME)";
				SWIFT_EMIT_LOC_STRINGS = YES;
				SWIFT_VERSION = 5.0;
				TARGETED_DEVICE_FAMILY = "1,2";
			};
			name = Release;
		};
/* End XCBuildConfiguration section */

/* Begin XCConfigurationList section */
		EB03048D289D95C400B48624 /* Build configuration list for PBXProject "AppWeather" */ = {
			isa = XCConfigurationList;
			buildConfigurations = (
				EB03049E289D95C600B48624 /* Debug */,
				EB03049F289D95C600B48624 /* Release */,
			);
			defaultConfigurationIsVisible = 0;
			defaultConfigurationName = Release;
		};
		EB0304A0289D95C600B48624 /* Build configuration list for PBXNativeTarget "AppWeather" */ = {
			isa = XCConfigurationList;
			buildConfigurations = (
				EB0304A1289D95C600B48624 /* Debug */,
				EB0304A2289D95C600B48624 /* Release */,
			);
			defaultConfigurationIsVisible = 0;
			defaultConfigurationName = Release;
		};
/* End XCConfigurationList section */
	};
	rootObject = EB03048A289D95C400B48624 /* Project object */;
}
